# This file is autogenerated, do not edit; changes may be undone by the next 'dep ensure'.


[[projects]]
  branch = "master"
  name = "github.com/DusanKasan/parsemail"
  packages = ["."]
  revision = "abc648830b9a1e9440c2c817a42a73a17c0d0c64"

[[projects]]
  branch = "master"
  name = "github.com/mattn/go-redmine"
  packages = ["."]
  revision = "2267b9239bac0bb8a7123648f080f264fc5b3973"

[solve-meta]
  analyzer-name = "dep"
  analyzer-version = 1
  inputs-digest = "e49ddb5c0aa17096a6523b75f7eb58f841aff4ed04ef06fc718f2c5d358d57c7"
  solver-name = "gps-cdcl"
  solver-version = 1
